// !$*UTF8*$!
{
	archiveVersion = 1;
	classes = {
	};
	objectVersion = 55;
	objects = {

/* Begin PBXBuildFile section */
		3B74F6BD280EE329008A6885 /* Rosefire.swift in Sources */ = {isa = PBXBuildFile; fileRef = 3B74F6BC280EE329008A6885 /* Rosefire.swift */; };
		3B76F4C4280D9D0A00672DBA /* LoginViewController.swift in Sources */ = {isa = PBXBuildFile; fileRef = 3B76F4C3280D9D0A00672DBA /* LoginViewController.swift */; };
		3B7B50BA27F1DDAC00EE656A /* AppDelegate.swift in Sources */ = {isa = PBXBuildFile; fileRef = 3B7B50B927F1DDAC00EE656A /* AppDelegate.swift */; };
		3B7B50BC27F1DDAC00EE656A /* SceneDelegate.swift in Sources */ = {isa = PBXBuildFile; fileRef = 3B7B50BB27F1DDAC00EE656A /* SceneDelegate.swift */; };
		3B7B50C127F1DDAC00EE656A /* Main.storyboard in Resources */ = {isa = PBXBuildFile; fileRef = 3B7B50BF27F1DDAC00EE656A /* Main.storyboard */; };
		3B7B50C327F1DDAE00EE656A /* Assets.xcassets in Resources */ = {isa = PBXBuildFile; fileRef = 3B7B50C227F1DDAE00EE656A /* Assets.xcassets */; };
		3B7B50C627F1DDAE00EE656A /* LaunchScreen.storyboard in Resources */ = {isa = PBXBuildFile; fileRef = 3B7B50C427F1DDAE00EE656A /* LaunchScreen.storyboard */; };
		3B7B50CE27F1E02500EE656A /* MovieQuotesTableViewController.swift in Sources */ = {isa = PBXBuildFile; fileRef = 3B7B50CD27F1E02500EE656A /* MovieQuotesTableViewController.swift */; };
		3B7B50D027F1E59300EE656A /* MovieQuote.swift in Sources */ = {isa = PBXBuildFile; fileRef = 3B7B50CF27F1E59300EE656A /* MovieQuote.swift */; };
		3B7B50D227F3342E00EE656A /* MovieQuoteDetailViewController.swift in Sources */ = {isa = PBXBuildFile; fileRef = 3B7B50D127F3342E00EE656A /* MovieQuoteDetailViewController.swift */; };
		3B7B50D427F5D2A700EE656A /* MovieQuotesCollectionManager.swift in Sources */ = {isa = PBXBuildFile; fileRef = 3B7B50D327F5D2A700EE656A /* MovieQuotesCollectionManager.swift */; };
		3B7B50D627F5D39900EE656A /* MovieQuoteDocumentManager.swift in Sources */ = {isa = PBXBuildFile; fileRef = 3B7B50D527F5D39900EE656A /* MovieQuoteDocumentManager.swift */; };
		3B7B50D827F5D49400EE656A /* Constants.swift in Sources */ = {isa = PBXBuildFile; fileRef = 3B7B50D727F5D49400EE656A /* Constants.swift */; };
		3B7B50DF27F5DE4200EE656A /* GoogleService-Info.plist in Resources */ = {isa = PBXBuildFile; fileRef = 3B7B50DE27F5DE4200EE656A /* GoogleService-Info.plist */; };
		3B803DEB27FF197A00ECD6F9 /* FirebaseAnalytics in Frameworks */ = {isa = PBXBuildFile; productRef = 3B803DEA27FF197A00ECD6F9 /* FirebaseAnalytics */; };
		3B803DED27FF197A00ECD6F9 /* FirebaseAuth in Frameworks */ = {isa = PBXBuildFile; productRef = 3B803DEC27FF197A00ECD6F9 /* FirebaseAuth */; };
		3B803DEF27FF197A00ECD6F9 /* FirebaseFirestore in Frameworks */ = {isa = PBXBuildFile; productRef = 3B803DEE27FF197A00ECD6F9 /* FirebaseFirestore */; };
		3B938E9F27FF10A90047DB3D /* AuthManager.swift in Sources */ = {isa = PBXBuildFile; fileRef = 3B938E9E27FF10A90047DB3D /* AuthManager.swift */; };
/* End PBXBuildFile section */

/* Begin PBXFileReference section */
		3B74F6BC280EE329008A6885 /* Rosefire.swift */ = {isa = PBXFileReference; lastKnownFileType = sourcecode.swift; path = Rosefire.swift; sourceTree = "<group>"; };
		3B76F4C3280D9D0A00672DBA /* LoginViewController.swift */ = {isa = PBXFileReference; lastKnownFileType = sourcecode.swift; path = LoginViewController.swift; sourceTree = "<group>"; };
		3B7B50B627F1DDAC00EE656A /* MovieQuotes.app */ = {isa = PBXFileReference; explicitFileType = wrapper.application; includeInIndex = 0; path = MovieQuotes.app; sourceTree = BUILT_PRODUCTS_DIR; };
		3B7B50B927F1DDAC00EE656A /* AppDelegate.swift */ = {isa = PBXFileReference; lastKnownFileType = sourcecode.swift; path = AppDelegate.swift; sourceTree = "<group>"; };
		3B7B50BB27F1DDAC00EE656A /* SceneDelegate.swift */ = {isa = PBXFileReference; lastKnownFileType = sourcecode.swift; path = SceneDelegate.swift; sourceTree = "<group>"; };
		3B7B50C027F1DDAC00EE656A /* Base */ = {isa = PBXFileReference; lastKnownFileType = file.storyboard; name = Base; path = Base.lproj/Main.storyboard; sourceTree = "<group>"; };
		3B7B50C227F1DDAE00EE656A /* Assets.xcassets */ = {isa = PBXFileReference; lastKnownFileType = folder.assetcatalog; path = Assets.xcassets; sourceTree = "<group>"; };
		3B7B50C527F1DDAE00EE656A /* Base */ = {isa = PBXFileReference; lastKnownFileType = file.storyboard; name = Base; path = Base.lproj/LaunchScreen.storyboard; sourceTree = "<group>"; };
		3B7B50C727F1DDAE00EE656A /* Info.plist */ = {isa = PBXFileReference; lastKnownFileType = text.plist.xml; path = Info.plist; sourceTree = "<group>"; };
		3B7B50CD27F1E02500EE656A /* MovieQuotesTableViewController.swift */ = {isa = PBXFileReference; lastKnownFileType = sourcecode.swift; path = MovieQuotesTableViewController.swift; sourceTree = "<group>"; };
		3B7B50CF27F1E59300EE656A /* MovieQuote.swift */ = {isa = PBXFileReference; lastKnownFileType = sourcecode.swift; path = MovieQuote.swift; sourceTree = "<group>"; };
		3B7B50D127F3342E00EE656A /* MovieQuoteDetailViewController.swift */ = {isa = PBXFileReference; lastKnownFileType = sourcecode.swift; path = MovieQuoteDetailViewController.swift; sourceTree = "<group>"; };
		3B7B50D327F5D2A700EE656A /* MovieQuotesCollectionManager.swift */ = {isa = PBXFileReference; lastKnownFileType = sourcecode.swift; path = MovieQuotesCollectionManager.swift; sourceTree = "<group>"; };
		3B7B50D527F5D39900EE656A /* MovieQuoteDocumentManager.swift */ = {isa = PBXFileReference; lastKnownFileType = sourcecode.swift; path = MovieQuoteDocumentManager.swift; sourceTree = "<group>"; };
		3B7B50D727F5D49400EE656A /* Constants.swift */ = {isa = PBXFileReference; lastKnownFileType = sourcecode.swift; path = Constants.swift; sourceTree = "<group>"; };
		3B7B50DE27F5DE4200EE656A /* GoogleService-Info.plist */ = {isa = PBXFileReference; fileEncoding = 4; lastKnownFileType = text.plist.xml; path = "GoogleService-Info.plist"; sourceTree = "<group>"; };
		3B938E9E27FF10A90047DB3D /* AuthManager.swift */ = {isa = PBXFileReference; lastKnownFileType = sourcecode.swift; path = AuthManager.swift; sourceTree = "<group>"; };
/* End PBXFileReference section */

/* Begin PBXFrameworksBuildPhase section */
		3B7B50B327F1DDAC00EE656A /* Frameworks */ = {
			isa = PBXFrameworksBuildPhase;
			buildActionMask = 2147483647;
			files = (
				3B803DEB27FF197A00ECD6F9 /* FirebaseAnalytics in Frameworks */,
				3B803DED27FF197A00ECD6F9 /* FirebaseAuth in Frameworks */,
				3B803DEF27FF197A00ECD6F9 /* FirebaseFirestore in Frameworks */,
			);
			runOnlyForDeploymentPostprocessing = 0;
		};
/* End PBXFrameworksBuildPhase section */

/* Begin PBXGroup section */
		3B7B50AD27F1DDAC00EE656A = {
			isa = PBXGroup;
			children = (
				3B7B50B827F1DDAC00EE656A /* MovieQuotes */,
				3B7B50B727F1DDAC00EE656A /* Products */,
			);
			sourceTree = "<group>";
		};
		3B7B50B727F1DDAC00EE656A /* Products */ = {
			isa = PBXGroup;
			children = (
				3B7B50B627F1DDAC00EE656A /* MovieQuotes.app */,
			);
			name = Products;
			sourceTree = "<group>";
		};
		3B7B50B827F1DDAC00EE656A /* MovieQuotes */ = {
			isa = PBXGroup;
			children = (
				3B7B50B927F1DDAC00EE656A /* AppDelegate.swift */,
				3B7B50BB27F1DDAC00EE656A /* SceneDelegate.swift */,
				3B7B50BF27F1DDAC00EE656A /* Main.storyboard */,
				3B7B50C227F1DDAE00EE656A /* Assets.xcassets */,
				3B7B50C427F1DDAE00EE656A /* LaunchScreen.storyboard */,
				3B7B50C727F1DDAE00EE656A /* Info.plist */,
				3B7B50DE27F5DE4200EE656A /* GoogleService-Info.plist */,
				3B7B50CF27F1E59300EE656A /* MovieQuote.swift */,
				3B7B50CD27F1E02500EE656A /* MovieQuotesTableViewController.swift */,
				3B7B50D127F3342E00EE656A /* MovieQuoteDetailViewController.swift */,
				3B7B50D327F5D2A700EE656A /* MovieQuotesCollectionManager.swift */,
				3B7B50D527F5D39900EE656A /* MovieQuoteDocumentManager.swift */,
				3B7B50D727F5D49400EE656A /* Constants.swift */,
				3B938E9E27FF10A90047DB3D /* AuthManager.swift */,
				3B76F4C3280D9D0A00672DBA /* LoginViewController.swift */,
				3B74F6BC280EE329008A6885 /* Rosefire.swift */,
			);
			path = MovieQuotes;
			sourceTree = "<group>";
		};
/* End PBXGroup section */

/* Begin PBXNativeTarget section */
		3B7B50B527F1DDAC00EE656A /* MovieQuotes */ = {
			isa = PBXNativeTarget;
			buildConfigurationList = 3B7B50CA27F1DDAE00EE656A /* Build configuration list for PBXNativeTarget "MovieQuotes" */;
			buildPhases = (
				3B7B50B227F1DDAC00EE656A /* Sources */,
				3B7B50B327F1DDAC00EE656A /* Frameworks */,
				3B7B50B427F1DDAC00EE656A /* Resources */,
			);
			buildRules = (
			);
			dependencies = (
			);
			name = MovieQuotes;
			packageProductDependencies = (
				3B803DEA27FF197A00ECD6F9 /* FirebaseAnalytics */,
				3B803DEC27FF197A00ECD6F9 /* FirebaseAuth */,
				3B803DEE27FF197A00ECD6F9 /* FirebaseFirestore */,
			);
			productName = MovieQuotes;
			productReference = 3B7B50B627F1DDAC00EE656A /* MovieQuotes.app */;
			productType = "com.apple.product-type.application";
		};
/* End PBXNativeTarget section */

/* Begin PBXProject section */
		3B7B50AE27F1DDAC00EE656A /* Project object */ = {
			isa = PBXProject;
			attributes = {
				BuildIndependentTargetsInParallel = 1;
				LastSwiftUpdateCheck = 1320;
				LastUpgradeCheck = 1320;
				TargetAttributes = {
					3B7B50B527F1DDAC00EE656A = {
						CreatedOnToolsVersion = 13.2.1;
					};
				};
			};
			buildConfigurationList = 3B7B50B127F1DDAC00EE656A /* Build configuration list for PBXProject "MovieQuotes" */;
			compatibilityVersion = "Xcode 13.0";
			developmentRegion = en;
			hasScannedForEncodings = 0;
			knownRegions = (
				en,
				Base,
			);
			mainGroup = 3B7B50AD27F1DDAC00EE656A;
			packageReferences = (
				3B803DE927FF197A00ECD6F9 /* XCRemoteSwiftPackageReference "firebase-ios-sdk" */,
			);
			productRefGroup = 3B7B50B727F1DDAC00EE656A /* Products */;
			projectDirPath = "";
			projectRoot = "";
			targets = (
				3B7B50B527F1DDAC00EE656A /* MovieQuotes */,
			);
		};
/* End PBXProject section */

/* Begin PBXResourcesBuildPhase section */
		3B7B50B427F1DDAC00EE656A /* Resources */ = {
			isa = PBXResourcesBuildPhase;
			buildActionMask = 2147483647;
			files = (
				3B7B50C627F1DDAE00EE656A /* LaunchScreen.storyboard in Resources */,
				3B7B50DF27F5DE4200EE656A /* GoogleService-Info.plist in Resources */,
				3B7B50C327F1DDAE00EE656A /* Assets.xcassets in Resources */,
				3B7B50C127F1DDAC00EE656A /* Main.storyboard in Resources */,
			);
			runOnlyForDeploymentPostprocessing = 0;
		};
/* End PBXResourcesBuildPhase section */

/* Begin PBXSourcesBuildPhase section */
		3B7B50B227F1DDAC00EE656A /* Sources */ = {
			isa = PBXSourcesBuildPhase;
			buildActionMask = 2147483647;
			files = (
				3B7B50BA27F1DDAC00EE656A /* AppDelegate.swift in Sources */,
				3B938E9F27FF10A90047DB3D /* AuthManager.swift in Sources */,
				3B7B50D227F3342E00EE656A /* MovieQuoteDetailViewController.swift in Sources */,
				3B7B50D027F1E59300EE656A /* MovieQuote.swift in Sources */,
				3B7B50D427F5D2A700EE656A /* MovieQuotesCollectionManager.swift in Sources */,
				3B7B50CE27F1E02500EE656A /* MovieQuotesTableViewController.swift in Sources */,
				3B74F6BD280EE329008A6885 /* Rosefire.swift in Sources */,
				3B7B50BC27F1DDAC00EE656A /* SceneDelegate.swift in Sources */,
				3B7B50D627F5D39900EE656A /* MovieQuoteDocumentManager.swift in Sources */,
				3B76F4C4280D9D0A00672DBA /* LoginViewController.swift in Sources */,
				3B7B50D827F5D49400EE656A /* Constants.swift in Sources */,
			);
			runOnlyForDeploymentPostprocessing = 0;
		};
/* End PBXSourcesBuildPhase section */

/* Begin PBXVariantGroup section */
		3B7B50BF27F1DDAC00EE656A /* Main.storyboard */ = {
			isa = PBXVariantGroup;
			children = (
				3B7B50C027F1DDAC00EE656A /* Base */,
			);
			name = Main.storyboard;
			sourceTree = "<group>";
		};
		3B7B50C427F1DDAE00EE656A /* LaunchScreen.storyboard */ = {
			isa = PBXVariantGroup;
			children = (
				3B7B50C527F1DDAE00EE656A /* Base */,
			);
			name = LaunchScreen.storyboard;
			sourceTree = "<group>";
		};
/* End PBXVariantGroup section */

/* Begin XCBuildConfiguration section */
		3B7B50C827F1DDAE00EE656A /* Debug */ = {
			isa = XCBuildConfiguration;
			buildSettings = {
				ALWAYS_SEARCH_USER_PATHS = NO;
				CLANG_ANALYZER_NONNULL = YES;
				CLANG_ANALYZER_NUMBER_OBJECT_CONVERSION = YES_AGGRESSIVE;
				CLANG_CXX_LANGUAGE_STANDARD = "gnu++17";
				CLANG_CXX_LIBRARY = "libc++";
				CLANG_ENABLE_MODULES = YES;
				CLANG_ENABLE_OBJC_ARC = YES;
				CLANG_ENABLE_OBJC_WEAK = YES;
				CLANG_WARN_BLOCK_CAPTURE_AUTORELEASING = YES;
				CLANG_WARN_BOOL_CONVERSION = YES;
				CLANG_WARN_COMMA = YES;
				CLANG_WARN_CONSTANT_CONVERSION = YES;
				CLANG_WARN_DEPRECATED_OBJC_IMPLEMENTATIONS = YES;
				CLANG_WARN_DIRECT_OBJC_ISA_USAGE = YES_ERROR;
				CLANG_WARN_DOCUMENTATION_COMMENTS = YES;
				CLANG_WARN_EMPTY_BODY = YES;
				CLANG_WARN_ENUM_CONVERSION = YES;
				CLANG_WARN_INFINITE_RECURSION = YES;
				CLANG_WARN_INT_CONVERSION = YES;
				CLANG_WARN_NON_LITERAL_NULL_CONVERSION = YES;
				CLANG_WARN_OBJC_IMPLICIT_RETAIN_SELF = YES;
				CLANG_WARN_OBJC_LITERAL_CONVERSION = YES;
				CLANG_WARN_OBJC_ROOT_CLASS = YES_ERROR;
				CLANG_WARN_QUOTED_INCLUDE_IN_FRAMEWORK_HEADER = YES;
				CLANG_WARN_RANGE_LOOP_ANALYSIS = YES;
				CLANG_WARN_STRICT_PROTOTYPES = YES;
				CLANG_WARN_SUSPICIOUS_MOVE = YES;
				CLANG_WARN_UNGUARDED_AVAILABILITY = YES_AGGRESSIVE;
				CLANG_WARN_UNREACHABLE_CODE = YES;
				CLANG_WARN__DUPLICATE_METHOD_MATCH = YES;
				COPY_PHASE_STRIP = NO;
				DEBUG_INFORMATION_FORMAT = dwarf;
				ENABLE_STRICT_OBJC_MSGSEND = YES;
				ENABLE_TESTABILITY = YES;
				GCC_C_LANGUAGE_STANDARD = gnu11;
				GCC_DYNAMIC_NO_PIC = NO;
				GCC_NO_COMMON_BLOCKS = YES;
				GCC_OPTIMIZATION_LEVEL = 0;
				GCC_PREPROCESSOR_DEFINITIONS = (
					"DEBUG=1",
					"$(inherited)",
				);
				GCC_WARN_64_TO_32_BIT_CONVERSION = YES;
				GCC_WARN_ABOUT_RETURN_TYPE = YES_ERROR;
				GCC_WARN_UNDECLARED_SELECTOR = YES;
				GCC_WARN_UNINITIALIZED_AUTOS = YES_AGGRESSIVE;
				GCC_WARN_UNUSED_FUNCTION = YES;
				GCC_WARN_UNUSED_VARIABLE = YES;
				IPHONEOS_DEPLOYMENT_TARGET = 15.2;
				MTL_ENABLE_DEBUG_INFO = INCLUDE_SOURCE;
				MTL_FAST_MATH = YES;
				ONLY_ACTIVE_ARCH = YES;
				SDKROOT = iphoneos;
				SWIFT_ACTIVE_COMPILATION_CONDITIONS = DEBUG;
				SWIFT_OPTIMIZATION_LEVEL = "-Onone";
			};
			name = Debug;
		};
		3B7B50C927F1DDAE00EE656A /* Release */ = {
			isa = XCBuildConfiguration;
			buildSettings = {
				ALWAYS_SEARCH_USER_PATHS = NO;
				CLANG_ANALYZER_NONNULL = YES;
				CLANG_ANALYZER_NUMBER_OBJECT_CONVERSION = YES_AGGRESSIVE;
				CLANG_CXX_LANGUAGE_STANDARD = "gnu++17";
				CLANG_CXX_LIBRARY = "libc++";
				CLANG_ENABLE_MODULES = YES;
				CLANG_ENABLE_OBJC_ARC = YES;
				CLANG_ENABLE_OBJC_WEAK = YES;
				CLANG_WARN_BLOCK_CAPTURE_AUTORELEASING = YES;
				CLANG_WARN_BOOL_CONVERSION = YES;
				CLANG_WARN_COMMA = YES;
				CLANG_WARN_CONSTANT_CONVERSION = YES;
				CLANG_WARN_DEPRECATED_OBJC_IMPLEMENTATIONS = YES;
				CLANG_WARN_DIRECT_OBJC_ISA_USAGE = YES_ERROR;
				CLANG_WARN_DOCUMENTATION_COMMENTS = YES;
				CLANG_WARN_EMPTY_BODY = YES;
				CLANG_WARN_ENUM_CONVERSION = YES;
				CLANG_WARN_INFINITE_RECURSION = YES;
				CLANG_WARN_INT_CONVERSION = YES;
				CLANG_WARN_NON_LITERAL_NULL_CONVERSION = YES;
				CLANG_WARN_OBJC_IMPLICIT_RETAIN_SELF = YES;
				CLANG_WARN_OBJC_LITERAL_CONVERSION = YES;
				CLANG_WARN_OBJC_ROOT_CLASS = YES_ERROR;
				CLANG_WARN_QUOTED_INCLUDE_IN_FRAMEWORK_HEADER = YES;
				CLANG_WARN_RANGE_LOOP_ANALYSIS = YES;
				CLANG_WARN_STRICT_PROTOTYPES = YES;
				CLANG_WARN_SUSPICIOUS_MOVE = YES;
				CLANG_WARN_UNGUARDED_AVAILABILITY = YES_AGGRESSIVE;
				CLANG_WARN_UNREACHABLE_CODE = YES;
				CLANG_WARN__DUPLICATE_METHOD_MATCH = YES;
				COPY_PHASE_STRIP = NO;
				DEBUG_INFORMATION_FORMAT = "dwarf-with-dsym";
				ENABLE_NS_ASSERTIONS = NO;
				ENABLE_STRICT_OBJC_MSGSEND = YES;
				GCC_C_LANGUAGE_STANDARD = gnu11;
				GCC_NO_COMMON_BLOCKS = YES;
				GCC_WARN_64_TO_32_BIT_CONVERSION = YES;
				GCC_WARN_ABOUT_RETURN_TYPE = YES_ERROR;
				GCC_WARN_UNDECLARED_SELECTOR = YES;
				GCC_WARN_UNINITIALIZED_AUTOS = YES_AGGRESSIVE;
				GCC_WARN_UNUSED_FUNCTION = YES;
				GCC_WARN_UNUSED_VARIABLE = YES;
				IPHONEOS_DEPLOYMENT_TARGET = 15.2;
				MTL_ENABLE_DEBUG_INFO = NO;
				MTL_FAST_MATH = YES;
				SDKROOT = iphoneos;
				SWIFT_COMPILATION_MODE = wholemodule;
				SWIFT_OPTIMIZATION_LEVEL = "-O";
				VALIDATE_PRODUCT = YES;
			};
			name = Release;
		};
		3B7B50CB27F1DDAE00EE656A /* Debug */ = {
			isa = XCBuildConfiguration;
			buildSettings = {
				ASSETCATALOG_COMPILER_APPICON_NAME = AppIcon;
				ASSETCATALOG_COMPILER_GLOBAL_ACCENT_COLOR_NAME = AccentColor;
				CODE_SIGN_STYLE = Automatic;
				CURRENT_PROJECT_VERSION = 1;
				GENERATE_INFOPLIST_FILE = YES;
				INFOPLIST_FILE = MovieQuotes/Info.plist;
				INFOPLIST_KEY_UIApplicationSupportsIndirectInputEvents = YES;
				INFOPLIST_KEY_UILaunchStoryboardName = LaunchScreen;
				INFOPLIST_KEY_UIMainStoryboardFile = Main;
				INFOPLIST_KEY_UISupportedInterfaceOrientations_iPad = "UIInterfaceOrientationPortrait UIInterfaceOrientationPortraitUpsideDown UIInterfaceOrientationLandscapeLeft UIInterfaceOrientationLandscapeRight";
				INFOPLIST_KEY_UISupportedInterfaceOrientations_iPhone = "UIInterfaceOrientationPortrait UIInterfaceOrientationLandscapeLeft UIInterfaceOrientationLandscapeRight";
				LD_RUNPATH_SEARCH_PATHS = (
					"$(inherited)",
					"@executable_path/Frameworks",
				);
				MARKETING_VERSION = 1.0;
				PRODUCT_BUNDLE_IDENTIFIER = "edu.rose-hulman.wangy51.MovieQuotes";
				PRODUCT_NAME = "$(TARGET_NAME)";
				SWIFT_EMIT_LOC_STRINGS = YES;
				SWIFT_VERSION = 5.0;
				TARGETED_DEVICE_FAMILY = "1,2";
			};
			name = Debug;
		};
		3B7B50CC27F1DDAE00EE656A /* Release */ = {
			isa = XCBuildConfiguration;
			buildSettings = {
				ASSETCATALOG_COMPILER_APPICON_NAME = AppIcon;
				ASSETCATALOG_COMPILER_GLOBAL_ACCENT_COLOR_NAME = AccentColor;
				CODE_SIGN_STYLE = Automatic;
				CURRENT_PROJECT_VERSION = 1;
				GENERATE_INFOPLIST_FILE = YES;
				INFOPLIST_FILE = MovieQuotes/Info.plist;
				INFOPLIST_KEY_UIApplicationSupportsIndirectInputEvents = YES;
				INFOPLIST_KEY_UILaunchStoryboardName = LaunchScreen;
				INFOPLIST_KEY_UIMainStoryboardFile = Main;
				INFOPLIST_KEY_UISupportedInterfaceOrientations_iPad = "UIInterfaceOrientationPortrait UIInterfaceOrientationPortraitUpsideDown UIInterfaceOrientationLandscapeLeft UIInterfaceOrientationLandscapeRight";
				INFOPLIST_KEY_UISupportedInterfaceOrientations_iPhone = "UIInterfaceOrientationPortrait UIInterfaceOrientationLandscapeLeft UIInterfaceOrientationLandscapeRight";
				LD_RUNPATH_SEARCH_PATHS = (
					"$(inherited)",
					"@executable_path/Frameworks",
				);
				MARKETING_VERSION = 1.0;
				PRODUCT_BUNDLE_IDENTIFIER = "edu.rose-hulman.wangy51.MovieQuotes";
				PRODUCT_NAME = "$(TARGET_NAME)";
				SWIFT_EMIT_LOC_STRINGS = YES;
				SWIFT_VERSION = 5.0;
				TARGETED_DEVICE_FAMILY = "1,2";
			};
			name = Release;
		};
/* End XCBuildConfiguration section */

/* Begin XCConfigurationList section */
		3B7B50B127F1DDAC00EE656A /* Build configuration list for PBXProject "MovieQuotes" */ = {
			isa = XCConfigurationList;
			buildConfigurations = (
				3B7B50C827F1DDAE00EE656A /* Debug */,
				3B7B50C927F1DDAE00EE656A /* Release */,
			);
			defaultConfigurationIsVisible = 0;
			defaultConfigurationName = Release;
		};
		3B7B50CA27F1DDAE00EE656A /* Build configuration list for PBXNativeTarget "MovieQuotes" */ = {
			isa = XCConfigurationList;
			buildConfigurations = (
				3B7B50CB27F1DDAE00EE656A /* Debug */,
				3B7B50CC27F1DDAE00EE656A /* Release */,
			);
			defaultConfigurationIsVisible = 0;
			defaultConfigurationName = Release;
		};
/* End XCConfigurationList section */

/* Begin XCRemoteSwiftPackageReference section */
		3B803DE927FF197A00ECD6F9 /* XCRemoteSwiftPackageReference "firebase-ios-sdk" */ = {
			isa = XCRemoteSwiftPackageReference;
			repositoryURL = "https://github.com/firebase/firebase-ios-sdk.git";
			requirement = {
				kind = upToNextMajorVersion;
				minimumVersion = 8.0.0;
			};
		};
/* End XCRemoteSwiftPackageReference section */

/* Begin XCSwiftPackageProductDependency section */
		3B803DEA27FF197A00ECD6F9 /* FirebaseAnalytics */ = {
			isa = XCSwiftPackageProductDependency;
			package = 3B803DE927FF197A00ECD6F9 /* XCRemoteSwiftPackageReference "firebase-ios-sdk" */;
			productName = FirebaseAnalytics;
		};
		3B803DEC27FF197A00ECD6F9 /* FirebaseAuth */ = {
			isa = XCSwiftPackageProductDependency;
			package = 3B803DE927FF197A00ECD6F9 /* XCRemoteSwiftPackageReference "firebase-ios-sdk" */;
			productName = FirebaseAuth;
		};
		3B803DEE27FF197A00ECD6F9 /* FirebaseFirestore */ = {
			isa = XCSwiftPackageProductDependency;
			package = 3B803DE927FF197A00ECD6F9 /* XCRemoteSwiftPackageReference "firebase-ios-sdk" */;
			productName = FirebaseFirestore;
		};
/* End XCSwiftPackageProductDependency section */
	};
	rootObject = 3B7B50AE27F1DDAC00EE656A /* Project object */;
}
